
Microsoft Visual Studio Solution File, Format Version 12.00
# Visual Studio Version 16
VisualStudioVersion = 16.0.32106.194
MinimumVisualStudioVersion = 10.0.40219.1
Project("{FAE04EC0-301F-11D3-BF4B-00C04F79EFBC}") = "Katmanli.DAL", "Katmanli.DAL\Katmanli.DAL.csproj", "{103A88C8-4208-4700-A08E-52B4B3E1A787}"
EndProject
Project("{FAE04EC0-301F-11D3-BF4B-00C04F79EFBC}") = "Katmanli.BLL", "Katmanli.BLL\Katmanli.BLL.csproj", "{CD526884-7350-431E-8971-C66224B1B9EF}"
EndProject
Project("{FAE04EC0-301F-11D3-BF4B-00C04F79EFBC}") = "Katmanli.WinUI", "Katmanli.WinUI\Katmanli.WinUI.csproj", "{5497836C-2B1C-408C-AD48-B158FE300E00}"
EndProject
Global
	GlobalSection(SolutionConfigurationPlatforms) = preSolution
		Debug|Any CPU = Debug|Any CPU
		Release|Any CPU = Release|Any CPU
	EndGlobalSection
	GlobalSection(ProjectConfigurationPlatforms) = postSolution
		{103A88C8-4208-4700-A08E-52B4B3E1A787}.Debug|Any CPU.ActiveCfg = Debug|Any CPU
		{103A88C8-4208-4700-A08E-52B4B3E1A787}.Debug|Any CPU.Build.0 = Debug|Any CPU
		{103A88C8-4208-4700-A08E-52B4B3E1A787}.Release|Any CPU.ActiveCfg = Release|Any CPU
		{103A88C8-4208-4700-A08E-52B4B3E1A787}.Release|Any CPU.Build.0 = Release|Any CPU
		{CD526884-7350-431E-8971-C66224B1B9EF}.Debug|Any CPU.ActiveCfg = Debug|Any CPU
		{CD526884-7350-431E-8971-C66224B1B9EF}.Debug|Any CPU.Build.0 = Debug|Any CPU
		{CD526884-7350-431E-8971-C66224B1B9EF}.Release|Any CPU.ActiveCfg = Release|Any CPU
		{CD526884-7350-431E-8971-C66224B1B9EF}.Release|Any CPU.Build.0 = Release|Any CPU
		{5497836C-2B1C-408C-AD48-B158FE300E00}.Debug|Any CPU.ActiveCfg = Debug|Any CPU
		{5497836C-2B1C-408C-AD48-B158FE300E00}.Debug|Any CPU.Build.0 = Debug|Any CPU
		{5497836C-2B1C-408C-AD48-B158FE300E00}.Release|Any CPU.ActiveCfg = Release|Any CPU
		{5497836C-2B1C-408C-AD48-B158FE300E00}.Release|Any CPU.Build.0 = Release|Any CPU
	EndGlobalSection
	GlobalSection(SolutionProperties) = preSolution
		HideSolutionNode = FALSE
	EndGlobalSection
	GlobalSection(ExtensibilityGlobals) = postSolution
		SolutionGuid = {DE5C7B77-E683-4B1D-A4C9-50141F01226F}
	EndGlobalSection
EndGlobal
